# THIS IS AN AUTOGENERATED FILE. DO NOT EDIT THIS FILE DIRECTLY.
# yarn lockfile v1


no-package-lock@0.0.1:
  version "0.0.1"
  resolved "https://registry.yarnpkg.com/no-package-lock/-/no-package-lock-0.0.1.tgz#50137a05d93912c181a145d2d08488c8bcee7d63"
  integrity sha512-59zXGCAo/sl01pL3u2VQO4c/92PdDjy5ISLvPwnhCFnYlgl98e3qv7f1atuXNo+Ltatt8c07/qAoQr2RX09gkg==
