# THIS IS AN AUTOGENERATED FILE. DO NOT EDIT THIS FILE DIRECTLY.
# yarn lockfile v1


"@babel/runtime@^7.4.4":
  version "7.10.2"
  resolved "https://registry.yarnpkg.com/@babel/runtime/-/runtime-7.10.2.tgz#d103f21f2602497d38348a32e008637d506db839"
  integrity sha512-6sF3uQw2ivImfVIl62RZ7MXhO2tap69WeWK57vAaimT6AZbE4FbqjdEJIN1UqoD6wI6B+1n9UiagafH1sxjOtg==
  dependencies:
    regenerator-runtime "^0.13.4"

"@material-ui/lab@^4.0.0-alpha.55":
  version "4.0.0-alpha.55"
  resolved "https://registry.yarnpkg.com/@material-ui/lab/-/lab-4.0.0-alpha.55.tgz#82a850dc59654e04ee3a31be1b34eb3bf64d5585"
  integrity sha512-mPHiS52Z1AT6NlWNp07xxTkoKGU3DZhoGdVtLKGy2+uMH5t4/UPtiZLRab7hR3hvuHvguxgV4tkBC9ww3xqUzA==
  dependencies:
    "@babel/runtime" "^7.4.4"
    "@material-ui/utils" "^4.9.6"
    clsx "^1.0.4"
    prop-types "^15.7.2"
    react-is "^16.8.0"

"@material-ui/utils@^4.9.6":
  version "4.9.12"
  resolved "https://registry.yarnpkg.com/@material-ui/utils/-/utils-4.9.12.tgz#0d639f1c1ed83fffb2ae10c21d15a938795d9e65"
  integrity sha512-/0rgZPEOcZq5CFA4+4n6Q6zk7fi8skHhH2Bcra8R3epoJEYy5PL55LuMazPtPH1oKeRausDV/Omz4BbgFsn1HQ==
  dependencies:
    "@babel/runtime" "^7.4.4"
    prop-types "^15.7.2"
    react-is "^16.8.0"

clsx@^1.0.4:
  version "1.1.1"
  resolved "https://registry.yarnpkg.com/clsx/-/clsx-1.1.1.tgz#98b3134f9abbdf23b2663491ace13c5c03a73188"
  integrity sha512-6/bPho624p3S2pMyvP5kKBPXnI3ufHLObBFCfgx+LkeR5lg2XYy2hqZqUf45ypD8COn2bhgGJSUE+l5dhNBieA==

"js-tokens@^3.0.0 || ^4.0.0":
  version "4.0.0"
  resolved "https://registry.yarnpkg.com/js-tokens/-/js-tokens-4.0.0.tgz#19203fb59991df98e3a287050d4647cdeaf32499"
  integrity sha512-RdJUflcE3cUzKiMqQgsCu06FPu9UdIJO0beYbPhHN4k6apgJtifcoCtT9bcxOpYBtpD2kCM6Sbzg4CausW/PKQ==

loose-envify@^1.4.0:
  version "1.4.0"
  resolved "https://registry.yarnpkg.com/loose-envify/-/loose-envify-1.4.0.tgz#71ee51fa7be4caec1a63839f7e682d8132d30caf"
  integrity sha512-lyuxPGr/Wfhrlem2CL/UcnUc1zcqKAImBDzukY7Y5F/yQiNdko6+fRLevlw1HgMySw7f611UIY408EtxRSoK3Q==
  dependencies:
    js-tokens "^3.0.0 || ^4.0.0"

material-ui-search-bar@^0.4.2:
  version "0.4.2"
  resolved "https://registry.yarnpkg.com/material-ui-search-bar/-/material-ui-search-bar-0.4.2.tgz#2f4413465a9a6f2a3b495e62ec3cbc24ac523b75"
  integrity sha1-L0QTRlqabyo7SV5i7Dy8JKxSO3U=
  dependencies:
    prop-types "^15.5.8"

object-assign@^4.1.1:
  version "4.1.1"
  resolved "https://registry.yarnpkg.com/object-assign/-/object-assign-4.1.1.tgz#2109adc7965887cfc05cbbd442cac8bfbb360863"
  integrity sha1-IQmtx5ZYh8/AXLvUQsrIv7s2CGM=

prop-types@^15.5.8, prop-types@^15.7.2:
  version "15.7.2"
  resolved "https://registry.yarnpkg.com/prop-types/-/prop-types-15.7.2.tgz#52c41e75b8c87e72b9d9360e0206b99dcbffa6c5"
  integrity sha512-8QQikdH7//R2vurIJSutZ1smHYTcLpRWEOlHnzcWHmBYrOGUysKwSsrC89BCiFj3CbrfJ/nXFdJepOVrY1GCHQ==
  dependencies:
    loose-envify "^1.4.0"
    object-assign "^4.1.1"
    react-is "^16.8.1"

react-is@^16.8.0, react-is@^16.8.1:
  version "16.13.1"
  resolved "https://registry.yarnpkg.com/react-is/-/react-is-16.13.1.tgz#789729a4dc36de2999dc156dd6c1d9c18cea56a4"
  integrity sha512-24e6ynE2H+OKt4kqsOvNd8kBpV65zoxbA4BVsEOB3ARVWQki/DHzaUoC5KuON/BiccDaCCTZBuOcfZs70kR8bQ==

regenerator-runtime@^0.13.4:
  version "0.13.5"
  resolved "https://registry.yarnpkg.com/regenerator-runtime/-/regenerator-runtime-0.13.5.tgz#d878a1d094b4306d10b9096484b33ebd55e26697"
  integrity sha512-ZS5w8CpKFinUzOwW3c83oPeVXoNsrLsaCoLtJvAClH135j/R77RuymhiSErhm2lKcwSCIpmvIWSbDkIfAqKQlA==
